// !$*UTF8*$!
{
	archiveVersion = 1;
	classes = {
	};
	objectVersion = 56;
	objects = {

/* Begin PBXBuildFile section */
		E483B5732A0B32BD00CF5710 /* Views_and_TransitionsApp.swift in Sources */ = {isa = PBXBuildFile; fileRef = E483B5722A0B32BD00CF5710 /* Views_and_TransitionsApp.swift */; };
		E483B5752A0B32BD00CF5710 /* ContentView.swift in Sources */ = {isa = PBXBuildFile; fileRef = E483B5742A0B32BD00CF5710 /* ContentView.swift */; };
		E483B5772A0B32BE00CF5710 /* Assets.xcassets in Resources */ = {isa = PBXBuildFile; fileRef = E483B5762A0B32BE00CF5710 /* Assets.xcassets */; };
		E483B57B2A0B32BE00CF5710 /* Preview Assets.xcassets in Resources */ = {isa = PBXBuildFile; fileRef = E483B57A2A0B32BE00CF5710 /* Preview Assets.xcassets */; };
		E483B5822A0B344300CF5710 /* Hike.swift in Sources */ = {isa = PBXBuildFile; fileRef = E483B5812A0B344300CF5710 /* Hike.swift */; };
		E483B5852A0B365200CF5710 /* ModelData.swift in Sources */ = {isa = PBXBuildFile; fileRef = E483B5842A0B365200CF5710 /* ModelData.swift */; };
		E483B5872A0B371100CF5710 /* LandMark.swift in Sources */ = {isa = PBXBuildFile; fileRef = E483B5862A0B371100CF5710 /* LandMark.swift */; };
		E483B58A2A0B381000CF5710 /* HikeView.swift in Sources */ = {isa = PBXBuildFile; fileRef = E483B5892A0B381000CF5710 /* HikeView.swift */; };
		E483B58C2A0B3B0D00CF5710 /* HikeGraph.swift in Sources */ = {isa = PBXBuildFile; fileRef = E483B58B2A0B3B0D00CF5710 /* HikeGraph.swift */; };
		E483B58E2A0B3C9300CF5710 /* HikeDetail.swift in Sources */ = {isa = PBXBuildFile; fileRef = E483B58D2A0B3C9300CF5710 /* HikeDetail.swift */; };
/* End PBXBuildFile section */

/* Begin PBXFileReference section */
		E483B56F2A0B32BD00CF5710 /* Views and Transitions.app */ = {isa = PBXFileReference; explicitFileType = wrapper.application; includeInIndex = 0; path = "Views and Transitions.app"; sourceTree = BUILT_PRODUCTS_DIR; };
		E483B5722A0B32BD00CF5710 /* Views_and_TransitionsApp.swift */ = {isa = PBXFileReference; lastKnownFileType = sourcecode.swift; path = Views_and_TransitionsApp.swift; sourceTree = "<group>"; };
		E483B5742A0B32BD00CF5710 /* ContentView.swift */ = {isa = PBXFileReference; lastKnownFileType = sourcecode.swift; path = ContentView.swift; sourceTree = "<group>"; };
		E483B5762A0B32BE00CF5710 /* Assets.xcassets */ = {isa = PBXFileReference; lastKnownFileType = folder.assetcatalog; path = Assets.xcassets; sourceTree = "<group>"; };
		E483B5782A0B32BE00CF5710 /* Views_and_Transitions.entitlements */ = {isa = PBXFileReference; lastKnownFileType = text.plist.entitlements; path = Views_and_Transitions.entitlements; sourceTree = "<group>"; };
		E483B57A2A0B32BE00CF5710 /* Preview Assets.xcassets */ = {isa = PBXFileReference; lastKnownFileType = folder.assetcatalog; path = "Preview Assets.xcassets"; sourceTree = "<group>"; };
		E483B5812A0B344300CF5710 /* Hike.swift */ = {isa = PBXFileReference; lastKnownFileType = sourcecode.swift; path = Hike.swift; sourceTree = "<group>"; };
		E483B5842A0B365200CF5710 /* ModelData.swift */ = {isa = PBXFileReference; lastKnownFileType = sourcecode.swift; path = ModelData.swift; sourceTree = "<group>"; };
		E483B5862A0B371100CF5710 /* LandMark.swift */ = {isa = PBXFileReference; lastKnownFileType = sourcecode.swift; path = LandMark.swift; sourceTree = "<group>"; };
		E483B5892A0B381000CF5710 /* HikeView.swift */ = {isa = PBXFileReference; lastKnownFileType = sourcecode.swift; path = HikeView.swift; sourceTree = "<group>"; };
		E483B58B2A0B3B0D00CF5710 /* HikeGraph.swift */ = {isa = PBXFileReference; lastKnownFileType = sourcecode.swift; path = HikeGraph.swift; sourceTree = "<group>"; };
		E483B58D2A0B3C9300CF5710 /* HikeDetail.swift */ = {isa = PBXFileReference; lastKnownFileType = sourcecode.swift; path = HikeDetail.swift; sourceTree = "<group>"; };
/* End PBXFileReference section */

/* Begin PBXFrameworksBuildPhase section */
		E483B56C2A0B32BD00CF5710 /* Frameworks */ = {
			isa = PBXFrameworksBuildPhase;
			buildActionMask = 2147483647;
			files = (
			);
			runOnlyForDeploymentPostprocessing = 0;
		};
/* End PBXFrameworksBuildPhase section */

/* Begin PBXGroup section */
		E483B5662A0B32BD00CF5710 = {
			isa = PBXGroup;
			children = (
				E483B5712A0B32BD00CF5710 /* Views and Transitions */,
				E483B5702A0B32BD00CF5710 /* Products */,
			);
			sourceTree = "<group>";
		};
		E483B5702A0B32BD00CF5710 /* Products */ = {
			isa = PBXGroup;
			children = (
				E483B56F2A0B32BD00CF5710 /* Views and Transitions.app */,
			);
			name = Products;
			sourceTree = "<group>";
		};
		E483B5712A0B32BD00CF5710 /* Views and Transitions */ = {
			isa = PBXGroup;
			children = (
				E483B5882A0B37BC00CF5710 /* Hikes */,
				E483B5832A0B363400CF5710 /* Model */,
				E483B5722A0B32BD00CF5710 /* Views_and_TransitionsApp.swift */,
				E483B5742A0B32BD00CF5710 /* ContentView.swift */,
				E483B5762A0B32BE00CF5710 /* Assets.xcassets */,
				E483B5782A0B32BE00CF5710 /* Views_and_Transitions.entitlements */,
				E483B5792A0B32BE00CF5710 /* Preview Content */,
			);
			path = "Views and Transitions";
			sourceTree = "<group>";
		};
		E483B5792A0B32BE00CF5710 /* Preview Content */ = {
			isa = PBXGroup;
			children = (
				E483B57A2A0B32BE00CF5710 /* Preview Assets.xcassets */,
			);
			path = "Preview Content";
			sourceTree = "<group>";
		};
		E483B5832A0B363400CF5710 /* Model */ = {
			isa = PBXGroup;
			children = (
				E483B5842A0B365200CF5710 /* ModelData.swift */,
				E483B5862A0B371100CF5710 /* LandMark.swift */,
				E483B5812A0B344300CF5710 /* Hike.swift */,
			);
			path = Model;
			sourceTree = "<group>";
		};
		E483B5882A0B37BC00CF5710 /* Hikes */ = {
			isa = PBXGroup;
			children = (
				E483B5892A0B381000CF5710 /* HikeView.swift */,
				E483B58B2A0B3B0D00CF5710 /* HikeGraph.swift */,
				E483B58D2A0B3C9300CF5710 /* HikeDetail.swift */,
			);
			path = Hikes;
			sourceTree = "<group>";
		};
/* End PBXGroup section */

/* Begin PBXNativeTarget section */
		E483B56E2A0B32BD00CF5710 /* Views and Transitions */ = {
			isa = PBXNativeTarget;
			buildConfigurationList = E483B57E2A0B32BE00CF5710 /* Build configuration list for PBXNativeTarget "Views and Transitions" */;
			buildPhases = (
				E483B56B2A0B32BD00CF5710 /* Sources */,
				E483B56C2A0B32BD00CF5710 /* Frameworks */,
				E483B56D2A0B32BD00CF5710 /* Resources */,
			);
			buildRules = (
			);
			dependencies = (
			);
			name = "Views and Transitions";
			productName = "Views and Transitions";
			productReference = E483B56F2A0B32BD00CF5710 /* Views and Transitions.app */;
			productType = "com.apple.product-type.application";
		};
/* End PBXNativeTarget section */

/* Begin PBXProject section */
		E483B5672A0B32BD00CF5710 /* Project object */ = {
			isa = PBXProject;
			attributes = {
				BuildIndependentTargetsInParallel = 1;
				LastSwiftUpdateCheck = 1430;
				LastUpgradeCheck = 1430;
				TargetAttributes = {
					E483B56E2A0B32BD00CF5710 = {
						CreatedOnToolsVersion = 14.3;
					};
				};
			};
			buildConfigurationList = E483B56A2A0B32BD00CF5710 /* Build configuration list for PBXProject "Views and Transitions" */;
			compatibilityVersion = "Xcode 14.0";
			developmentRegion = en;
			hasScannedForEncodings = 0;
			knownRegions = (
				en,
				Base,
			);
			mainGroup = E483B5662A0B32BD00CF5710;
			productRefGroup = E483B5702A0B32BD00CF5710 /* Products */;
			projectDirPath = "";
			projectRoot = "";
			targets = (
				E483B56E2A0B32BD00CF5710 /* Views and Transitions */,
			);
		};
/* End PBXProject section */

/* Begin PBXResourcesBuildPhase section */
		E483B56D2A0B32BD00CF5710 /* Resources */ = {
			isa = PBXResourcesBuildPhase;
			buildActionMask = 2147483647;
			files = (
				E483B57B2A0B32BE00CF5710 /* Preview Assets.xcassets in Resources */,
				E483B5772A0B32BE00CF5710 /* Assets.xcassets in Resources */,
			);
			runOnlyForDeploymentPostprocessing = 0;
		};
/* End PBXResourcesBuildPhase section */

/* Begin PBXSourcesBuildPhase section */
		E483B56B2A0B32BD00CF5710 /* Sources */ = {
			isa = PBXSourcesBuildPhase;
			buildActionMask = 2147483647;
			files = (
				E483B5822A0B344300CF5710 /* Hike.swift in Sources */,
				E483B58A2A0B381000CF5710 /* HikeView.swift in Sources */,
				E483B5872A0B371100CF5710 /* LandMark.swift in Sources */,
				E483B5852A0B365200CF5710 /* ModelData.swift in Sources */,
				E483B58C2A0B3B0D00CF5710 /* HikeGraph.swift in Sources */,
				E483B5752A0B32BD00CF5710 /* ContentView.swift in Sources */,
				E483B5732A0B32BD00CF5710 /* Views_and_TransitionsApp.swift in Sources */,
				E483B58E2A0B3C9300CF5710 /* HikeDetail.swift in Sources */,
			);
			runOnlyForDeploymentPostprocessing = 0;
		};
/* End PBXSourcesBuildPhase section */

/* Begin XCBuildConfiguration section */
		E483B57C2A0B32BE00CF5710 /* Debug */ = {
			isa = XCBuildConfiguration;
			buildSettings = {
				ALWAYS_SEARCH_USER_PATHS = NO;
				CLANG_ANALYZER_NONNULL = YES;
				CLANG_ANALYZER_NUMBER_OBJECT_CONVERSION = YES_AGGRESSIVE;
				CLANG_CXX_LANGUAGE_STANDARD = "gnu++20";
				CLANG_ENABLE_MODULES = YES;
				CLANG_ENABLE_OBJC_ARC = YES;
				CLANG_ENABLE_OBJC_WEAK = YES;
				CLANG_WARN_BLOCK_CAPTURE_AUTORELEASING = YES;
				CLANG_WARN_BOOL_CONVERSION = YES;
				CLANG_WARN_COMMA = YES;
				CLANG_WARN_CONSTANT_CONVERSION = YES;
				CLANG_WARN_DEPRECATED_OBJC_IMPLEMENTATIONS = YES;
				CLANG_WARN_DIRECT_OBJC_ISA_USAGE = YES_ERROR;
				CLANG_WARN_DOCUMENTATION_COMMENTS = YES;
				CLANG_WARN_EMPTY_BODY = YES;
				CLANG_WARN_ENUM_CONVERSION = YES;
				CLANG_WARN_INFINITE_RECURSION = YES;
				CLANG_WARN_INT_CONVERSION = YES;
				CLANG_WARN_NON_LITERAL_NULL_CONVERSION = YES;
				CLANG_WARN_OBJC_IMPLICIT_RETAIN_SELF = YES;
				CLANG_WARN_OBJC_LITERAL_CONVERSION = YES;
				CLANG_WARN_OBJC_ROOT_CLASS = YES_ERROR;
				CLANG_WARN_QUOTED_INCLUDE_IN_FRAMEWORK_HEADER = YES;
				CLANG_WARN_RANGE_LOOP_ANALYSIS = YES;
				CLANG_WARN_STRICT_PROTOTYPES = YES;
				CLANG_WARN_SUSPICIOUS_MOVE = YES;
				CLANG_WARN_UNGUARDED_AVAILABILITY = YES_AGGRESSIVE;
				CLANG_WARN_UNREACHABLE_CODE = YES;
				CLANG_WARN__DUPLICATE_METHOD_MATCH = YES;
				COPY_PHASE_STRIP = NO;
				DEBUG_INFORMATION_FORMAT = dwarf;
				ENABLE_STRICT_OBJC_MSGSEND = YES;
				ENABLE_TESTABILITY = YES;
				GCC_C_LANGUAGE_STANDARD = gnu11;
				GCC_DYNAMIC_NO_PIC = NO;
				GCC_NO_COMMON_BLOCKS = YES;
				GCC_OPTIMIZATION_LEVEL = 0;
				GCC_PREPROCESSOR_DEFINITIONS = (
					"DEBUG=1",
					"$(inherited)",
				);
				GCC_WARN_64_TO_32_BIT_CONVERSION = YES;
				GCC_WARN_ABOUT_RETURN_TYPE = YES_ERROR;
				GCC_WARN_UNDECLARED_SELECTOR = YES;
				GCC_WARN_UNINITIALIZED_AUTOS = YES_AGGRESSIVE;
				GCC_WARN_UNUSED_FUNCTION = YES;
				GCC_WARN_UNUSED_VARIABLE = YES;
				MTL_ENABLE_DEBUG_INFO = INCLUDE_SOURCE;
				MTL_FAST_MATH = YES;
				ONLY_ACTIVE_ARCH = YES;
				SWIFT_ACTIVE_COMPILATION_CONDITIONS = DEBUG;
				SWIFT_OPTIMIZATION_LEVEL = "-Onone";
			};
			name = Debug;
		};
		E483B57D2A0B32BE00CF5710 /* Release */ = {
			isa = XCBuildConfiguration;
			buildSettings = {
				ALWAYS_SEARCH_USER_PATHS = NO;
				CLANG_ANALYZER_NONNULL = YES;
				CLANG_ANALYZER_NUMBER_OBJECT_CONVERSION = YES_AGGRESSIVE;
				CLANG_CXX_LANGUAGE_STANDARD = "gnu++20";
				CLANG_ENABLE_MODULES = YES;
				CLANG_ENABLE_OBJC_ARC = YES;
				CLANG_ENABLE_OBJC_WEAK = YES;
				CLANG_WARN_BLOCK_CAPTURE_AUTORELEASING = YES;
				CLANG_WARN_BOOL_CONVERSION = YES;
				CLANG_WARN_COMMA = YES;
				CLANG_WARN_CONSTANT_CONVERSION = YES;
				CLANG_WARN_DEPRECATED_OBJC_IMPLEMENTATIONS = YES;
				CLANG_WARN_DIRECT_OBJC_ISA_USAGE = YES_ERROR;
				CLANG_WARN_DOCUMENTATION_COMMENTS = YES;
				CLANG_WARN_EMPTY_BODY = YES;
				CLANG_WARN_ENUM_CONVERSION = YES;
				CLANG_WARN_INFINITE_RECURSION = YES;
				CLANG_WARN_INT_CONVERSION = YES;
				CLANG_WARN_NON_LITERAL_NULL_CONVERSION = YES;
				CLANG_WARN_OBJC_IMPLICIT_RETAIN_SELF = YES;
				CLANG_WARN_OBJC_LITERAL_CONVERSION = YES;
				CLANG_WARN_OBJC_ROOT_CLASS = YES_ERROR;
				CLANG_WARN_QUOTED_INCLUDE_IN_FRAMEWORK_HEADER = YES;
				CLANG_WARN_RANGE_LOOP_ANALYSIS = YES;
				CLANG_WARN_STRICT_PROTOTYPES = YES;
				CLANG_WARN_SUSPICIOUS_MOVE = YES;
				CLANG_WARN_UNGUARDED_AVAILABILITY = YES_AGGRESSIVE;
				CLANG_WARN_UNREACHABLE_CODE = YES;
				CLANG_WARN__DUPLICATE_METHOD_MATCH = YES;
				COPY_PHASE_STRIP = NO;
				DEBUG_INFORMATION_FORMAT = "dwarf-with-dsym";
				ENABLE_NS_ASSERTIONS = NO;
				ENABLE_STRICT_OBJC_MSGSEND = YES;
				GCC_C_LANGUAGE_STANDARD = gnu11;
				GCC_NO_COMMON_BLOCKS = YES;
				GCC_WARN_64_TO_32_BIT_CONVERSION = YES;
				GCC_WARN_ABOUT_RETURN_TYPE = YES_ERROR;
				GCC_WARN_UNDECLARED_SELECTOR = YES;
				GCC_WARN_UNINITIALIZED_AUTOS = YES_AGGRESSIVE;
				GCC_WARN_UNUSED_FUNCTION = YES;
				GCC_WARN_UNUSED_VARIABLE = YES;
				MTL_ENABLE_DEBUG_INFO = NO;
				MTL_FAST_MATH = YES;
				SWIFT_COMPILATION_MODE = wholemodule;
				SWIFT_OPTIMIZATION_LEVEL = "-O";
			};
			name = Release;
		};
		E483B57F2A0B32BE00CF5710 /* Debug */ = {
			isa = XCBuildConfiguration;
			buildSettings = {
				ASSETCATALOG_COMPILER_APPICON_NAME = AppIcon;
				ASSETCATALOG_COMPILER_GLOBAL_ACCENT_COLOR_NAME = AccentColor;
				CODE_SIGN_ENTITLEMENTS = "Views and Transitions/Views_and_Transitions.entitlements";
				CODE_SIGN_STYLE = Automatic;
				CURRENT_PROJECT_VERSION = 1;
				DEVELOPMENT_ASSET_PATHS = "\"Views and Transitions/Preview Content\"";
				DEVELOPMENT_TEAM = 748RM22H5Z;
				ENABLE_HARDENED_RUNTIME = YES;
				ENABLE_PREVIEWS = YES;
				GENERATE_INFOPLIST_FILE = YES;
				"INFOPLIST_KEY_UIApplicationSceneManifest_Generation[sdk=iphoneos*]" = YES;
				"INFOPLIST_KEY_UIApplicationSceneManifest_Generation[sdk=iphonesimulator*]" = YES;
				"INFOPLIST_KEY_UIApplicationSupportsIndirectInputEvents[sdk=iphoneos*]" = YES;
				"INFOPLIST_KEY_UIApplicationSupportsIndirectInputEvents[sdk=iphonesimulator*]" = YES;
				"INFOPLIST_KEY_UILaunchScreen_Generation[sdk=iphoneos*]" = YES;
				"INFOPLIST_KEY_UILaunchScreen_Generation[sdk=iphonesimulator*]" = YES;
				"INFOPLIST_KEY_UIStatusBarStyle[sdk=iphoneos*]" = UIStatusBarStyleDefault;
				"INFOPLIST_KEY_UIStatusBarStyle[sdk=iphonesimulator*]" = UIStatusBarStyleDefault;
				INFOPLIST_KEY_UISupportedInterfaceOrientations_iPad = "UIInterfaceOrientationPortrait UIInterfaceOrientationPortraitUpsideDown UIInterfaceOrientationLandscapeLeft UIInterfaceOrientationLandscapeRight";
				INFOPLIST_KEY_UISupportedInterfaceOrientations_iPhone = "UIInterfaceOrientationPortrait UIInterfaceOrientationLandscapeLeft UIInterfaceOrientationLandscapeRight";
				IPHONEOS_DEPLOYMENT_TARGET = 16.4;
				LD_RUNPATH_SEARCH_PATHS = "@executable_path/Frameworks";
				"LD_RUNPATH_SEARCH_PATHS[sdk=macosx*]" = "@executable_path/../Frameworks";
				MACOSX_DEPLOYMENT_TARGET = 13.3;
				MARKETING_VERSION = 1.0;
				PRODUCT_BUNDLE_IDENTIFIER = "EliId.Views-and-Transitions";
				PRODUCT_NAME = "$(TARGET_NAME)";
				SDKROOT = auto;
				SUPPORTED_PLATFORMS = "iphoneos iphonesimulator macosx";
				SWIFT_EMIT_LOC_STRINGS = YES;
				SWIFT_VERSION = 5.0;
				TARGETED_DEVICE_FAMILY = "1,2";
			};
			name = Debug;
		};
		E483B5802A0B32BE00CF5710 /* Release */ = {
			isa = XCBuildConfiguration;
			buildSettings = {
				ASSETCATALOG_COMPILER_APPICON_NAME = AppIcon;
				ASSETCATALOG_COMPILER_GLOBAL_ACCENT_COLOR_NAME = AccentColor;
				CODE_SIGN_ENTITLEMENTS = "Views and Transitions/Views_and_Transitions.entitlements";
				CODE_SIGN_STYLE = Automatic;
				CURRENT_PROJECT_VERSION = 1;
				DEVELOPMENT_ASSET_PATHS = "\"Views and Transitions/Preview Content\"";
				DEVELOPMENT_TEAM = 748RM22H5Z;
				ENABLE_HARDENED_RUNTIME = YES;
				ENABLE_PREVIEWS = YES;
				GENERATE_INFOPLIST_FILE = YES;
				"INFOPLIST_KEY_UIApplicationSceneManifest_Generation[sdk=iphoneos*]" = YES;
				"INFOPLIST_KEY_UIApplicationSceneManifest_Generation[sdk=iphonesimulator*]" = YES;
				"INFOPLIST_KEY_UIApplicationSupportsIndirectInputEvents[sdk=iphoneos*]" = YES;
				"INFOPLIST_KEY_UIApplicationSupportsIndirectInputEvents[sdk=iphonesimulator*]" = YES;
				"INFOPLIST_KEY_UILaunchScreen_Generation[sdk=iphoneos*]" = YES;
				"INFOPLIST_KEY_UILaunchScreen_Generation[sdk=iphonesimulator*]" = YES;
				"INFOPLIST_KEY_UIStatusBarStyle[sdk=iphoneos*]" = UIStatusBarStyleDefault;
				"INFOPLIST_KEY_UIStatusBarStyle[sdk=iphonesimulator*]" = UIStatusBarStyleDefault;
				INFOPLIST_KEY_UISupportedInterfaceOrientations_iPad = "UIInterfaceOrientationPortrait UIInterfaceOrientationPortraitUpsideDown UIInterfaceOrientationLandscapeLeft UIInterfaceOrientationLandscapeRight";
				INFOPLIST_KEY_UISupportedInterfaceOrientations_iPhone = "UIInterfaceOrientationPortrait UIInterfaceOrientationLandscapeLeft UIInterfaceOrientationLandscapeRight";
				IPHONEOS_DEPLOYMENT_TARGET = 16.4;
				LD_RUNPATH_SEARCH_PATHS = "@executable_path/Frameworks";
				"LD_RUNPATH_SEARCH_PATHS[sdk=macosx*]" = "@executable_path/../Frameworks";
				MACOSX_DEPLOYMENT_TARGET = 13.3;
				MARKETING_VERSION = 1.0;
				PRODUCT_BUNDLE_IDENTIFIER = "EliId.Views-and-Transitions";
				PRODUCT_NAME = "$(TARGET_NAME)";
				SDKROOT = auto;
				SUPPORTED_PLATFORMS = "iphoneos iphonesimulator macosx";
				SWIFT_EMIT_LOC_STRINGS = YES;
				SWIFT_VERSION = 5.0;
				TARGETED_DEVICE_FAMILY = "1,2";
			};
			name = Release;
		};
/* End XCBuildConfiguration section */

/* Begin XCConfigurationList section */
		E483B56A2A0B32BD00CF5710 /* Build configuration list for PBXProject "Views and Transitions" */ = {
			isa = XCConfigurationList;
			buildConfigurations = (
				E483B57C2A0B32BE00CF5710 /* Debug */,
				E483B57D2A0B32BE00CF5710 /* Release */,
			);
			defaultConfigurationIsVisible = 0;
			defaultConfigurationName = Release;
		};
		E483B57E2A0B32BE00CF5710 /* Build configuration list for PBXNativeTarget "Views and Transitions" */ = {
			isa = XCConfigurationList;
			buildConfigurations = (
				E483B57F2A0B32BE00CF5710 /* Debug */,
				E483B5802A0B32BE00CF5710 /* Release */,
			);
			defaultConfigurationIsVisible = 0;
			defaultConfigurationName = Release;
		};
/* End XCConfigurationList section */
	};
	rootObject = E483B5672A0B32BD00CF5710 /* Project object */;
}
